// !$*UTF8*$!
{
	archiveVersion = 1;
	classes = {
	};
	objectVersion = 46;
	objects = {

/* Begin PBXBuildFile section */
		88D9FCF11606D21900614713 /* Cocoa.framework in Frameworks */ = {isa = PBXBuildFile; fileRef = 88D9FCF01606D21900614713 /* Cocoa.framework */; };
		88D9FCFB1606D21900614713 /* InfoPlist.strings in Resources */ = {isa = PBXBuildFile; fileRef = 88D9FCF91606D21900614713 /* InfoPlist.strings */; };
		88D9FCFD1606D21900614713 /* main.m in Sources */ = {isa = PBXBuildFile; fileRef = 88D9FCFC1606D21900614713 /* main.m */; };
		88D9FD011606D21900614713 /* Credits.rtf in Resources */ = {isa = PBXBuildFile; fileRef = 88D9FCFF1606D21900614713 /* Credits.rtf */; };
		88D9FD041606D21900614713 /* AppDelegate.m in Sources */ = {isa = PBXBuildFile; fileRef = 88D9FD031606D21900614713 /* AppDelegate.m */; };
		88D9FD071606D21900614713 /* MainMenu.xib in Resources */ = {isa = PBXBuildFile; fileRef = 88D9FD051606D21900614713 /* MainMenu.xib */; };
		88D9FD0F1606D21900614713 /* SenTestingKit.framework in Frameworks */ = {isa = PBXBuildFile; fileRef = 88D9FD0E1606D21900614713 /* SenTestingKit.framework */; };
		88D9FD101606D21900614713 /* Cocoa.framework in Frameworks */ = {isa = PBXBuildFile; fileRef = 88D9FCF01606D21900614713 /* Cocoa.framework */; };
		88D9FD181606D21900614713 /* InfoPlist.strings in Resources */ = {isa = PBXBuildFile; fileRef = 88D9FD161606D21900614713 /* InfoPlist.strings */; };
		88D9FD1B1606D21900614713 /* niaowoTests.m in Sources */ = {isa = PBXBuildFile; fileRef = 88D9FD1A1606D21900614713 /* niaowoTests.m */; };
/* End PBXBuildFile section */

/* Begin PBXContainerItemProxy section */
		88D9FD111606D21900614713 /* PBXContainerItemProxy */ = {
			isa = PBXContainerItemProxy;
			containerPortal = 88D9FCE31606D21900614713 /* Project object */;
			proxyType = 1;
			remoteGlobalIDString = 88D9FCEB1606D21900614713;
			remoteInfo = niaowo;
		};
/* End PBXContainerItemProxy section */

/* Begin PBXFileReference section */
		88D9FCEC1606D21900614713 /* niaowo.app */ = {isa = PBXFileReference; explicitFileType = wrapper.application; includeInIndex = 0; path = niaowo.app; sourceTree = BUILT_PRODUCTS_DIR; };
		88D9FCF01606D21900614713 /* Cocoa.framework */ = {isa = PBXFileReference; lastKnownFileType = wrapper.framework; name = Cocoa.framework; path = System/Library/Frameworks/Cocoa.framework; sourceTree = SDKROOT; };
		88D9FCF31606D21900614713 /* AppKit.framework */ = {isa = PBXFileReference; lastKnownFileType = wrapper.framework; name = AppKit.framework; path = System/Library/Frameworks/AppKit.framework; sourceTree = SDKROOT; };
		88D9FCF41606D21900614713 /* CoreData.framework */ = {isa = PBXFileReference; lastKnownFileType = wrapper.framework; name = CoreData.framework; path = System/Library/Frameworks/CoreData.framework; sourceTree = SDKROOT; };
		88D9FCF51606D21900614713 /* Foundation.framework */ = {isa = PBXFileReference; lastKnownFileType = wrapper.framework; name = Foundation.framework; path = System/Library/Frameworks/Foundation.framework; sourceTree = SDKROOT; };
		88D9FCF81606D21900614713 /* niaowo-Info.plist */ = {isa = PBXFileReference; lastKnownFileType = text.plist.xml; path = "niaowo-Info.plist"; sourceTree = "<group>"; };
		88D9FCFA1606D21900614713 /* en */ = {isa = PBXFileReference; lastKnownFileType = text.plist.strings; name = en; path = en.lproj/InfoPlist.strings; sourceTree = "<group>"; };
		88D9FCFC1606D21900614713 /* main.m */ = {isa = PBXFileReference; lastKnownFileType = sourcecode.c.objc; path = main.m; sourceTree = "<group>"; };
		88D9FCFE1606D21900614713 /* niaowo-Prefix.pch */ = {isa = PBXFileReference; lastKnownFileType = sourcecode.c.h; path = "niaowo-Prefix.pch"; sourceTree = "<group>"; };
		88D9FD001606D21900614713 /* en */ = {isa = PBXFileReference; lastKnownFileType = text.rtf; name = en; path = en.lproj/Credits.rtf; sourceTree = "<group>"; };
		88D9FD021606D21900614713 /* AppDelegate.h */ = {isa = PBXFileReference; lastKnownFileType = sourcecode.c.h; path = AppDelegate.h; sourceTree = "<group>"; };
		88D9FD031606D21900614713 /* AppDelegate.m */ = {isa = PBXFileReference; lastKnownFileType = sourcecode.c.objc; path = AppDelegate.m; sourceTree = "<group>"; };
		88D9FD061606D21900614713 /* en */ = {isa = PBXFileReference; lastKnownFileType = file.xib; name = en; path = en.lproj/MainMenu.xib; sourceTree = "<group>"; };
		88D9FD0D1606D21900614713 /* niaowoTests.octest */ = {isa = PBXFileReference; explicitFileType = wrapper.cfbundle; includeInIndex = 0; path = niaowoTests.octest; sourceTree = BUILT_PRODUCTS_DIR; };
		88D9FD0E1606D21900614713 /* SenTestingKit.framework */ = {isa = PBXFileReference; lastKnownFileType = wrapper.framework; name = SenTestingKit.framework; path = Library/Frameworks/SenTestingKit.framework; sourceTree = DEVELOPER_DIR; };
		88D9FD151606D21900614713 /* niaowoTests-Info.plist */ = {isa = PBXFileReference; lastKnownFileType = text.plist.xml; path = "niaowoTests-Info.plist"; sourceTree = "<group>"; };
		88D9FD171606D21900614713 /* en */ = {isa = PBXFileReference; lastKnownFileType = text.plist.strings; name = en; path = en.lproj/InfoPlist.strings; sourceTree = "<group>"; };
		88D9FD191606D21900614713 /* niaowoTests.h */ = {isa = PBXFileReference; lastKnownFileType = sourcecode.c.h; path = niaowoTests.h; sourceTree = "<group>"; };
		88D9FD1A1606D21900614713 /* niaowoTests.m */ = {isa = PBXFileReference; lastKnownFileType = sourcecode.c.objc; path = niaowoTests.m; sourceTree = "<group>"; };
/* End PBXFileReference section */

/* Begin PBXFrameworksBuildPhase section */
		88D9FCE91606D21900614713 /* Frameworks */ = {
			isa = PBXFrameworksBuildPhase;
			buildActionMask = 2147483647;
			files = (
				88D9FCF11606D21900614713 /* Cocoa.framework in Frameworks */,
			);
			runOnlyForDeploymentPostprocessing = 0;
		};
		88D9FD091606D21900614713 /* Frameworks */ = {
			isa = PBXFrameworksBuildPhase;
			buildActionMask = 2147483647;
			files = (
				88D9FD0F1606D21900614713 /* SenTestingKit.framework in Frameworks */,
				88D9FD101606D21900614713 /* Cocoa.framework in Frameworks */,
			);
			runOnlyForDeploymentPostprocessing = 0;
		};
/* End PBXFrameworksBuildPhase section */

/* Begin PBXGroup section */
		88D9FCE11606D21900614713 = {
			isa = PBXGroup;
			children = (
				88D9FCF61606D21900614713 /* niaowo */,
				88D9FD131606D21900614713 /* niaowoTests */,
				88D9FCEF1606D21900614713 /* Frameworks */,
				88D9FCED1606D21900614713 /* Products */,
			);
			sourceTree = "<group>";
		};
		88D9FCED1606D21900614713 /* Products */ = {
			isa = PBXGroup;
			children = (
				88D9FCEC1606D21900614713 /* niaowo.app */,
				88D9FD0D1606D21900614713 /* niaowoTests.octest */,
			);
			name = Products;
			sourceTree = "<group>";
		};
		88D9FCEF1606D21900614713 /* Frameworks */ = {
			isa = PBXGroup;
			children = (
				88D9FCF01606D21900614713 /* Cocoa.framework */,
				88D9FD0E1606D21900614713 /* SenTestingKit.framework */,
				88D9FCF21606D21900614713 /* Other Frameworks */,
			);
			name = Frameworks;
			sourceTree = "<group>";
		};
		88D9FCF21606D21900614713 /* Other Frameworks */ = {
			isa = PBXGroup;
			children = (
				88D9FCF31606D21900614713 /* AppKit.framework */,
				88D9FCF41606D21900614713 /* CoreData.framework */,
				88D9FCF51606D21900614713 /* Foundation.framework */,
			);
			name = "Other Frameworks";
			sourceTree = "<group>";
		};
		88D9FCF61606D21900614713 /* niaowo */ = {
			isa = PBXGroup;
			children = (
				88D9FD021606D21900614713 /* AppDelegate.h */,
				88D9FD031606D21900614713 /* AppDelegate.m */,
				88D9FD051606D21900614713 /* MainMenu.xib */,
				88D9FCF71606D21900614713 /* Supporting Files */,
			);
			path = niaowo;
			sourceTree = "<group>";
		};
		88D9FCF71606D21900614713 /* Supporting Files */ = {
			isa = PBXGroup;
			children = (
				88D9FCF81606D21900614713 /* niaowo-Info.plist */,
				88D9FCF91606D21900614713 /* InfoPlist.strings */,
				88D9FCFC1606D21900614713 /* main.m */,
				88D9FCFE1606D21900614713 /* niaowo-Prefix.pch */,
				88D9FCFF1606D21900614713 /* Credits.rtf */,
			);
			name = "Supporting Files";
			sourceTree = "<group>";
		};
		88D9FD131606D21900614713 /* niaowoTests */ = {
			isa = PBXGroup;
			children = (
				88D9FD191606D21900614713 /* niaowoTests.h */,
				88D9FD1A1606D21900614713 /* niaowoTests.m */,
				88D9FD141606D21900614713 /* Supporting Files */,
			);
			path = niaowoTests;
			sourceTree = "<group>";
		};
		88D9FD141606D21900614713 /* Supporting Files */ = {
			isa = PBXGroup;
			children = (
				88D9FD151606D21900614713 /* niaowoTests-Info.plist */,
				88D9FD161606D21900614713 /* InfoPlist.strings */,
			);
			name = "Supporting Files";
			sourceTree = "<group>";
		};
/* End PBXGroup section */

/* Begin PBXNativeTarget section */
		88D9FCEB1606D21900614713 /* niaowo */ = {
			isa = PBXNativeTarget;
			buildConfigurationList = 88D9FD1E1606D21900614713 /* Build configuration list for PBXNativeTarget "niaowo" */;
			buildPhases = (
				88D9FCE81606D21900614713 /* Sources */,
				88D9FCE91606D21900614713 /* Frameworks */,
				88D9FCEA1606D21900614713 /* Resources */,
			);
			buildRules = (
			);
			dependencies = (
			);
			name = niaowo;
			productName = niaowo;
			productReference = 88D9FCEC1606D21900614713 /* niaowo.app */;
			productType = "com.apple.product-type.application";
		};
		88D9FD0C1606D21900614713 /* niaowoTests */ = {
			isa = PBXNativeTarget;
			buildConfigurationList = 88D9FD211606D21900614713 /* Build configuration list for PBXNativeTarget "niaowoTests" */;
			buildPhases = (
				88D9FD081606D21900614713 /* Sources */,
				88D9FD091606D21900614713 /* Frameworks */,
				88D9FD0A1606D21900614713 /* Resources */,
				88D9FD0B1606D21900614713 /* ShellScript */,
			);
			buildRules = (
			);
			dependencies = (
				88D9FD121606D21900614713 /* PBXTargetDependency */,
			);
			name = niaowoTests;
			productName = niaowoTests;
			productReference = 88D9FD0D1606D21900614713 /* niaowoTests.octest */;
			productType = "com.apple.product-type.bundle";
		};
/* End PBXNativeTarget section */

/* Begin PBXProject section */
		88D9FCE31606D21900614713 /* Project object */ = {
			isa = PBXProject;
			attributes = {
				LastUpgradeCheck = 0450;
				ORGANIZATIONNAME = "Robert Bu";
			};
			buildConfigurationList = 88D9FCE61606D21900614713 /* Build configuration list for PBXProject "niaowo" */;
			compatibilityVersion = "Xcode 3.2";
			developmentRegion = English;
			hasScannedForEncodings = 0;
			knownRegions = (
				en,
			);
			mainGroup = 88D9FCE11606D21900614713;
			productRefGroup = 88D9FCED1606D21900614713 /* Products */;
			projectDirPath = "";
			projectRoot = "";
			targets = (
				88D9FCEB1606D21900614713 /* niaowo */,
				88D9FD0C1606D21900614713 /* niaowoTests */,
			);
		};
/* End PBXProject section */

/* Begin PBXResourcesBuildPhase section */
		88D9FCEA1606D21900614713 /* Resources */ = {
			isa = PBXResourcesBuildPhase;
			buildActionMask = 2147483647;
			files = (
				88D9FCFB1606D21900614713 /* InfoPlist.strings in Resources */,
				88D9FD011606D21900614713 /* Credits.rtf in Resources */,
				88D9FD071606D21900614713 /* MainMenu.xib in Resources */,
			);
			runOnlyForDeploymentPostprocessing = 0;
		};
		88D9FD0A1606D21900614713 /* Resources */ = {
			isa = PBXResourcesBuildPhase;
			buildActionMask = 2147483647;
			files = (
				88D9FD181606D21900614713 /* InfoPlist.strings in Resources */,
			);
			runOnlyForDeploymentPostprocessing = 0;
		};
/* End PBXResourcesBuildPhase section */

/* Begin PBXShellScriptBuildPhase section */
		88D9FD0B1606D21900614713 /* ShellScript */ = {
			isa = PBXShellScriptBuildPhase;
			buildActionMask = 2147483647;
			files = (
			);
			inputPaths = (
			);
			outputPaths = (
			);
			runOnlyForDeploymentPostprocessing = 0;
			shellPath = /bin/sh;
			shellScript = "# Run the unit tests in this test bundle.\n\"${SYSTEM_DEVELOPER_DIR}/Tools/RunUnitTests\"\n";
		};
/* End PBXShellScriptBuildPhase section */

/* Begin PBXSourcesBuildPhase section */
		88D9FCE81606D21900614713 /* Sources */ = {
			isa = PBXSourcesBuildPhase;
			buildActionMask = 2147483647;
			files = (
				88D9FCFD1606D21900614713 /* main.m in Sources */,
				88D9FD041606D21900614713 /* AppDelegate.m in Sources */,
			);
			runOnlyForDeploymentPostprocessing = 0;
		};
		88D9FD081606D21900614713 /* Sources */ = {
			isa = PBXSourcesBuildPhase;
			buildActionMask = 2147483647;
			files = (
				88D9FD1B1606D21900614713 /* niaowoTests.m in Sources */,
			);
			runOnlyForDeploymentPostprocessing = 0;
		};
/* End PBXSourcesBuildPhase section */

/* Begin PBXTargetDependency section */
		88D9FD121606D21900614713 /* PBXTargetDependency */ = {
			isa = PBXTargetDependency;
			target = 88D9FCEB1606D21900614713 /* niaowo */;
			targetProxy = 88D9FD111606D21900614713 /* PBXContainerItemProxy */;
		};
/* End PBXTargetDependency section */

/* Begin PBXVariantGroup section */
		88D9FCF91606D21900614713 /* InfoPlist.strings */ = {
			isa = PBXVariantGroup;
			children = (
				88D9FCFA1606D21900614713 /* en */,
			);
			name = InfoPlist.strings;
			sourceTree = "<group>";
		};
		88D9FCFF1606D21900614713 /* Credits.rtf */ = {
			isa = PBXVariantGroup;
			children = (
				88D9FD001606D21900614713 /* en */,
			);
			name = Credits.rtf;
			sourceTree = "<group>";
		};
		88D9FD051606D21900614713 /* MainMenu.xib */ = {
			isa = PBXVariantGroup;
			children = (
				88D9FD061606D21900614713 /* en */,
			);
			name = MainMenu.xib;
			sourceTree = "<group>";
		};
		88D9FD161606D21900614713 /* InfoPlist.strings */ = {
			isa = PBXVariantGroup;
			children = (
				88D9FD171606D21900614713 /* en */,
			);
			name = InfoPlist.strings;
			sourceTree = "<group>";
		};
/* End PBXVariantGroup section */

/* Begin XCBuildConfiguration section */
		88D9FD1C1606D21900614713 /* Debug */ = {
			isa = XCBuildConfiguration;
			buildSettings = {
				ALWAYS_SEARCH_USER_PATHS = NO;
				ARCHS = "$(ARCHS_STANDARD_64_BIT)";
				CLANG_CXX_LANGUAGE_STANDARD = "gnu++0x";
				CLANG_CXX_LIBRARY = "libc++";
				CLANG_WARN_EMPTY_BODY = YES;
				CLANG_WARN__DUPLICATE_METHOD_MATCH = YES;
				COPY_PHASE_STRIP = NO;
				GCC_C_LANGUAGE_STANDARD = gnu99;
				GCC_DYNAMIC_NO_PIC = NO;
				GCC_ENABLE_OBJC_EXCEPTIONS = YES;
				GCC_OPTIMIZATION_LEVEL = 0;
				GCC_PREPROCESSOR_DEFINITIONS = (
					"DEBUG=1",
					"$(inherited)",
				);
				GCC_SYMBOLS_PRIVATE_EXTERN = NO;
				GCC_WARN_64_TO_32_BIT_CONVERSION = YES;
				GCC_WARN_ABOUT_RETURN_TYPE = YES;
				GCC_WARN_UNINITIALIZED_AUTOS = YES;
				GCC_WARN_UNUSED_VARIABLE = YES;
				MACOSX_DEPLOYMENT_TARGET = 10.8;
				ONLY_ACTIVE_ARCH = YES;
				SDKROOT = macosx;
			};
			name = Debug;
		};
		88D9FD1D1606D21900614713 /* Release */ = {
			isa = XCBuildConfiguration;
			buildSettings = {
				ALWAYS_SEARCH_USER_PATHS = NO;
				ARCHS = "$(ARCHS_STANDARD_64_BIT)";
				CLANG_CXX_LANGUAGE_STANDARD = "gnu++0x";
				CLANG_CXX_LIBRARY = "libc++";
				CLANG_WARN_EMPTY_BODY = YES;
				CLANG_WARN__DUPLICATE_METHOD_MATCH = YES;
				COPY_PHASE_STRIP = YES;
				DEBUG_INFORMATION_FORMAT = "dwarf-with-dsym";
				GCC_C_LANGUAGE_STANDARD = gnu99;
				GCC_ENABLE_OBJC_EXCEPTIONS = YES;
				GCC_WARN_64_TO_32_BIT_CONVERSION = YES;
				GCC_WARN_ABOUT_RETURN_TYPE = YES;
				GCC_WARN_UNINITIALIZED_AUTOS = YES;
				GCC_WARN_UNUSED_VARIABLE = YES;
				MACOSX_DEPLOYMENT_TARGET = 10.8;
				SDKROOT = macosx;
			};
			name = Release;
		};
		88D9FD1F1606D21900614713 /* Debug */ = {
			isa = XCBuildConfiguration;
			buildSettings = {
				COMBINE_HIDPI_IMAGES = YES;
				GCC_PRECOMPILE_PREFIX_HEADER = YES;
				GCC_PREFIX_HEADER = "niaowo/niaowo-Prefix.pch";
				INFOPLIST_FILE = "niaowo/niaowo-Info.plist";
				PRODUCT_NAME = "$(TARGET_NAME)";
				WRAPPER_EXTENSION = app;
			};
			name = Debug;
		};
		88D9FD201606D21900614713 /* Release */ = {
			isa = XCBuildConfiguration;
			buildSettings = {
				COMBINE_HIDPI_IMAGES = YES;
				GCC_PRECOMPILE_PREFIX_HEADER = YES;
				GCC_PREFIX_HEADER = "niaowo/niaowo-Prefix.pch";
				INFOPLIST_FILE = "niaowo/niaowo-Info.plist";
				PRODUCT_NAME = "$(TARGET_NAME)";
				WRAPPER_EXTENSION = app;
			};
			name = Release;
		};
		88D9FD221606D21900614713 /* Debug */ = {
			isa = XCBuildConfiguration;
			buildSettings = {
				BUNDLE_LOADER = "$(BUILT_PRODUCTS_DIR)/niaowo.app/Contents/MacOS/niaowo";
				COMBINE_HIDPI_IMAGES = YES;
				FRAMEWORK_SEARCH_PATHS = "\"$(DEVELOPER_LIBRARY_DIR)/Frameworks\"";
				GCC_PRECOMPILE_PREFIX_HEADER = YES;
				GCC_PREFIX_HEADER = "niaowo/niaowo-Prefix.pch";
				INFOPLIST_FILE = "niaowoTests/niaowoTests-Info.plist";
				PRODUCT_NAME = "$(TARGET_NAME)";
				TEST_HOST = "$(BUNDLE_LOADER)";
				WRAPPER_EXTENSION = octest;
			};
			name = Debug;
		};
		88D9FD231606D21900614713 /* Release */ = {
			isa = XCBuildConfiguration;
			buildSettings = {
				BUNDLE_LOADER = "$(BUILT_PRODUCTS_DIR)/niaowo.app/Contents/MacOS/niaowo";
				COMBINE_HIDPI_IMAGES = YES;
				FRAMEWORK_SEARCH_PATHS = "\"$(DEVELOPER_LIBRARY_DIR)/Frameworks\"";
				GCC_PRECOMPILE_PREFIX_HEADER = YES;
				GCC_PREFIX_HEADER = "niaowo/niaowo-Prefix.pch";
				INFOPLIST_FILE = "niaowoTests/niaowoTests-Info.plist";
				PRODUCT_NAME = "$(TARGET_NAME)";
				TEST_HOST = "$(BUNDLE_LOADER)";
				WRAPPER_EXTENSION = octest;
			};
			name = Release;
		};
/* End XCBuildConfiguration section */

/* Begin XCConfigurationList section */
		88D9FCE61606D21900614713 /* Build configuration list for PBXProject "niaowo" */ = {
			isa = XCConfigurationList;
			buildConfigurations = (
				88D9FD1C1606D21900614713 /* Debug */,
				88D9FD1D1606D21900614713 /* Release */,
			);
			defaultConfigurationIsVisible = 0;
			defaultConfigurationName = Release;
		};
		88D9FD1E1606D21900614713 /* Build configuration list for PBXNativeTarget "niaowo" */ = {
			isa = XCConfigurationList;
			buildConfigurations = (
				88D9FD1F1606D21900614713 /* Debug */,
				88D9FD201606D21900614713 /* Release */,
			);
			defaultConfigurationIsVisible = 0;
		};
		88D9FD211606D21900614713 /* Build configuration list for PBXNativeTarget "niaowoTests" */ = {
			isa = XCConfigurationList;
			buildConfigurations = (
				88D9FD221606D21900614713 /* Debug */,
				88D9FD231606D21900614713 /* Release */,
			);
			defaultConfigurationIsVisible = 0;
		};
/* End XCConfigurationList section */
	};
	rootObject = 88D9FCE31606D21900614713 /* Project object */;
}
